// !$*UTF8*$!
{
	archiveVersion = 1;
	classes = {
	};
	objectVersion = 46;
	objects = {

/* Begin PBXBuildFile section */
		035639421C2371B800525300 /* AppDelegate.swift in Sources */ = {isa = PBXBuildFile; fileRef = 035639411C2371B800525300 /* AppDelegate.swift */; };
		035639441C2371B800525300 /* ViewController.swift in Sources */ = {isa = PBXBuildFile; fileRef = 035639431C2371B800525300 /* ViewController.swift */; };
		035639471C2371B800525300 /* Main.storyboard in Resources */ = {isa = PBXBuildFile; fileRef = 035639451C2371B800525300 /* Main.storyboard */; };
		035639491C2371B800525300 /* Assets.xcassets in Resources */ = {isa = PBXBuildFile; fileRef = 035639481C2371B800525300 /* Assets.xcassets */; };
		0356394C1C2371B800525300 /* LaunchScreen.storyboard in Resources */ = {isa = PBXBuildFile; fileRef = 0356394A1C2371B800525300 /* LaunchScreen.storyboard */; };
		035639541C2371CF00525300 /* WemoCore.swift in Sources */ = {isa = PBXBuildFile; fileRef = 035639531C2371CF00525300 /* WemoCore.swift */; };
		035639571C2371EF00525300 /* WemoDevice.swift in Sources */ = {isa = PBXBuildFile; fileRef = 035639561C2371EF00525300 /* WemoDevice.swift */; };
		0370667F1C239BAA004C8D3A /* WemoNetworkDevice.swift in Sources */ = {isa = PBXBuildFile; fileRef = 0370667E1C239BAA004C8D3A /* WemoNetworkDevice.swift */; };
		037066811C239E20004C8D3A /* WemoNetwork.swift in Sources */ = {isa = PBXBuildFile; fileRef = 037066801C239E20004C8D3A /* WemoNetwork.swift */; };
		037066841C23A112004C8D3A /* SimplePing.m in Sources */ = {isa = PBXBuildFile; fileRef = 037066831C23A112004C8D3A /* SimplePing.m */; };
		037066911C23EE3E004C8D3A /* MacAddressHelper.m in Sources */ = {isa = PBXBuildFile; fileRef = 037066901C23EE3E004C8D3A /* MacAddressHelper.m */; };
/* End PBXBuildFile section */

/* Begin PBXFileReference section */
		0356393E1C2371B800525300 /* WeMo.app */ = {isa = PBXFileReference; explicitFileType = wrapper.application; includeInIndex = 0; path = WeMo.app; sourceTree = BUILT_PRODUCTS_DIR; };
		035639411C2371B800525300 /* AppDelegate.swift */ = {isa = PBXFileReference; lastKnownFileType = sourcecode.swift; path = AppDelegate.swift; sourceTree = "<group>"; };
		035639431C2371B800525300 /* ViewController.swift */ = {isa = PBXFileReference; lastKnownFileType = sourcecode.swift; path = ViewController.swift; sourceTree = "<group>"; };
		035639461C2371B800525300 /* Base */ = {isa = PBXFileReference; lastKnownFileType = file.storyboard; name = Base; path = Base.lproj/Main.storyboard; sourceTree = "<group>"; };
		035639481C2371B800525300 /* Assets.xcassets */ = {isa = PBXFileReference; lastKnownFileType = folder.assetcatalog; path = Assets.xcassets; sourceTree = "<group>"; };
		0356394B1C2371B800525300 /* Base */ = {isa = PBXFileReference; lastKnownFileType = file.storyboard; name = Base; path = Base.lproj/LaunchScreen.storyboard; sourceTree = "<group>"; };
		0356394D1C2371B800525300 /* Info.plist */ = {isa = PBXFileReference; lastKnownFileType = text.plist.xml; path = Info.plist; sourceTree = "<group>"; };
		035639531C2371CF00525300 /* WemoCore.swift */ = {isa = PBXFileReference; fileEncoding = 4; lastKnownFileType = sourcecode.swift; path = WemoCore.swift; sourceTree = "<group>"; };
		035639561C2371EF00525300 /* WemoDevice.swift */ = {isa = PBXFileReference; fileEncoding = 4; lastKnownFileType = sourcecode.swift; path = WemoDevice.swift; sourceTree = "<group>"; };
		037066741C239B74004C8D3A /* WeMo-Bridging-Header.h */ = {isa = PBXFileReference; lastKnownFileType = sourcecode.c.h; path = "WeMo-Bridging-Header.h"; sourceTree = "<group>"; };
		0370667E1C239BAA004C8D3A /* WemoNetworkDevice.swift */ = {isa = PBXFileReference; fileEncoding = 4; lastKnownFileType = sourcecode.swift; path = WemoNetworkDevice.swift; sourceTree = "<group>"; };
		037066801C239E20004C8D3A /* WemoNetwork.swift */ = {isa = PBXFileReference; fileEncoding = 4; lastKnownFileType = sourcecode.swift; path = WemoNetwork.swift; sourceTree = "<group>"; };
		037066821C23A112004C8D3A /* SimplePing.h */ = {isa = PBXFileReference; fileEncoding = 4; lastKnownFileType = sourcecode.c.h; path = SimplePing.h; sourceTree = "<group>"; };
		037066831C23A112004C8D3A /* SimplePing.m */ = {isa = PBXFileReference; fileEncoding = 4; lastKnownFileType = sourcecode.c.objc; path = SimplePing.m; sourceTree = "<group>"; };
		037066881C23ADAF004C8D3A /* if_arp.h */ = {isa = PBXFileReference; lastKnownFileType = sourcecode.c.h; path = if_arp.h; sourceTree = "<group>"; };
		037066891C23ADAF004C8D3A /* if_ether.h */ = {isa = PBXFileReference; lastKnownFileType = sourcecode.c.h; path = if_ether.h; sourceTree = "<group>"; };
		0370668A1C23ADAF004C8D3A /* if_types.h */ = {isa = PBXFileReference; lastKnownFileType = sourcecode.c.h; path = if_types.h; sourceTree = "<group>"; };
		0370668B1C23ADAF004C8D3A /* route.h */ = {isa = PBXFileReference; lastKnownFileType = sourcecode.c.h; path = route.h; sourceTree = "<group>"; };
		0370668F1C23EE3E004C8D3A /* MacAddressHelper.h */ = {isa = PBXFileReference; fileEncoding = 4; lastKnownFileType = sourcecode.c.h; path = MacAddressHelper.h; sourceTree = "<group>"; };
		037066901C23EE3E004C8D3A /* MacAddressHelper.m */ = {isa = PBXFileReference; fileEncoding = 4; lastKnownFileType = sourcecode.c.objc; path = MacAddressHelper.m; sourceTree = "<group>"; };
/* End PBXFileReference section */

/* Begin PBXFrameworksBuildPhase section */
		0356393B1C2371B800525300 /* Frameworks */ = {
			isa = PBXFrameworksBuildPhase;
			buildActionMask = 2147483647;
			files = (
			);
			runOnlyForDeploymentPostprocessing = 0;
		};
/* End PBXFrameworksBuildPhase section */

/* Begin PBXGroup section */
		035639351C2371B800525300 = {
			isa = PBXGroup;
			children = (
				035639401C2371B800525300 /* WeMo */,
				0356393F1C2371B800525300 /* Products */,
			);
			sourceTree = "<group>";
		};
		0356393F1C2371B800525300 /* Products */ = {
			isa = PBXGroup;
			children = (
				0356393E1C2371B800525300 /* WeMo.app */,
			);
			name = Products;
			sourceTree = "<group>";
		};
		035639401C2371B800525300 /* WeMo */ = {
			isa = PBXGroup;
			children = (
				035639411C2371B800525300 /* AppDelegate.swift */,
				035639431C2371B800525300 /* ViewController.swift */,
				035639551C2371DA00525300 /* Wemo */,
				035639451C2371B800525300 /* Main.storyboard */,
				035639481C2371B800525300 /* Assets.xcassets */,
				0356394A1C2371B800525300 /* LaunchScreen.storyboard */,
				0356394D1C2371B800525300 /* Info.plist */,
			);
			path = WeMo;
			sourceTree = "<group>";
		};
		035639551C2371DA00525300 /* Wemo */ = {
			isa = PBXGroup;
			children = (
				035639531C2371CF00525300 /* WemoCore.swift */,
				035639561C2371EF00525300 /* WemoDevice.swift */,
				037066871C23ADA3004C8D3A /* Network */,
			);
			name = Wemo;
			sourceTree = "<group>";
		};
		037066871C23ADA3004C8D3A /* Network */ = {
			isa = PBXGroup;
			children = (
				037066801C239E20004C8D3A /* WemoNetwork.swift */,
				0370667E1C239BAA004C8D3A /* WemoNetworkDevice.swift */,
				0370668C1C23ADB6004C8D3A /* C Code */,
			);
			name = Network;
			sourceTree = "<group>";
		};
		0370668C1C23ADB6004C8D3A /* C Code */ = {
			isa = PBXGroup;
			children = (
				037066741C239B74004C8D3A /* WeMo-Bridging-Header.h */,
				037066881C23ADAF004C8D3A /* if_arp.h */,
				037066891C23ADAF004C8D3A /* if_ether.h */,
				0370668A1C23ADAF004C8D3A /* if_types.h */,
				0370668B1C23ADAF004C8D3A /* route.h */,
				0370668F1C23EE3E004C8D3A /* MacAddressHelper.h */,
				037066901C23EE3E004C8D3A /* MacAddressHelper.m */,
				037066821C23A112004C8D3A /* SimplePing.h */,
				037066831C23A112004C8D3A /* SimplePing.m */,
			);
			name = "C Code";
			sourceTree = "<group>";
		};
/* End PBXGroup section */

/* Begin PBXNativeTarget section */
		0356393D1C2371B800525300 /* WeMo */ = {
			isa = PBXNativeTarget;
			buildConfigurationList = 035639501C2371B800525300 /* Build configuration list for PBXNativeTarget "WeMo" */;
			buildPhases = (
				0356393A1C2371B800525300 /* Sources */,
				0356393B1C2371B800525300 /* Frameworks */,
				0356393C1C2371B800525300 /* Resources */,
			);
			buildRules = (
			);
			dependencies = (
			);
			name = WeMo;
			productName = WeMo;
			productReference = 0356393E1C2371B800525300 /* WeMo.app */;
			productType = "com.apple.product-type.application";
		};
/* End PBXNativeTarget section */

/* Begin PBXProject section */
		035639361C2371B800525300 /* Project object */ = {
			isa = PBXProject;
			attributes = {
				LastSwiftUpdateCheck = 0720;
				LastUpgradeCheck = 0720;
				ORGANIZATIONNAME = "Sachin Patel";
				TargetAttributes = {
					0356393D1C2371B800525300 = {
						CreatedOnToolsVersion = 7.2;
					};
				};
			};
			buildConfigurationList = 035639391C2371B800525300 /* Build configuration list for PBXProject "WeMo" */;
			compatibilityVersion = "Xcode 3.2";
			developmentRegion = English;
			hasScannedForEncodings = 0;
			knownRegions = (
				en,
				Base,
			);
			mainGroup = 035639351C2371B800525300;
			productRefGroup = 0356393F1C2371B800525300 /* Products */;
			projectDirPath = "";
			projectRoot = "";
			targets = (
				0356393D1C2371B800525300 /* WeMo */,
			);
		};
/* End PBXProject section */

/* Begin PBXResourcesBuildPhase section */
		0356393C1C2371B800525300 /* Resources */ = {
			isa = PBXResourcesBuildPhase;
			buildActionMask = 2147483647;
			files = (
				0356394C1C2371B800525300 /* LaunchScreen.storyboard in Resources */,
				035639491C2371B800525300 /* Assets.xcassets in Resources */,
				035639471C2371B800525300 /* Main.storyboard in Resources */,
			);
			runOnlyForDeploymentPostprocessing = 0;
		};
/* End PBXResourcesBuildPhase section */

/* Begin PBXSourcesBuildPhase section */
		0356393A1C2371B800525300 /* Sources */ = {
			isa = PBXSourcesBuildPhase;
			buildActionMask = 2147483647;
			files = (
				035639541C2371CF00525300 /* WemoCore.swift in Sources */,
				035639441C2371B800525300 /* ViewController.swift in Sources */,
				037066841C23A112004C8D3A /* SimplePing.m in Sources */,
				035639421C2371B800525300 /* AppDelegate.swift in Sources */,
				037066911C23EE3E004C8D3A /* MacAddressHelper.m in Sources */,
				035639571C2371EF00525300 /* WemoDevice.swift in Sources */,
				037066811C239E20004C8D3A /* WemoNetwork.swift in Sources */,
				0370667F1C239BAA004C8D3A /* WemoNetworkDevice.swift in Sources */,
			);
			runOnlyForDeploymentPostprocessing = 0;
		};
/* End PBXSourcesBuildPhase section */

/* Begin PBXVariantGroup section */
		035639451C2371B800525300 /* Main.storyboard */ = {
			isa = PBXVariantGroup;
			children = (
				035639461C2371B800525300 /* Base */,
			);
			name = Main.storyboard;
			sourceTree = "<group>";
		};
		0356394A1C2371B800525300 /* LaunchScreen.storyboard */ = {
			isa = PBXVariantGroup;
			children = (
				0356394B1C2371B800525300 /* Base */,
			);
			name = LaunchScreen.storyboard;
			sourceTree = "<group>";
		};
/* End PBXVariantGroup section */

/* Begin XCBuildConfiguration section */
		0356394E1C2371B800525300 /* Debug */ = {
			isa = XCBuildConfiguration;
			buildSettings = {
				ALWAYS_SEARCH_USER_PATHS = NO;
				CLANG_CXX_LANGUAGE_STANDARD = "gnu++0x";
				CLANG_CXX_LIBRARY = "libc++";
				CLANG_ENABLE_MODULES = YES;
				CLANG_ENABLE_OBJC_ARC = YES;
				CLANG_WARN_BOOL_CONVERSION = YES;
				CLANG_WARN_CONSTANT_CONVERSION = YES;
				CLANG_WARN_DIRECT_OBJC_ISA_USAGE = YES_ERROR;
				CLANG_WARN_EMPTY_BODY = YES;
				CLANG_WARN_ENUM_CONVERSION = YES;
				CLANG_WARN_INT_CONVERSION = YES;
				CLANG_WARN_OBJC_ROOT_CLASS = YES_ERROR;
				CLANG_WARN_UNREACHABLE_CODE = YES;
				CLANG_WARN__DUPLICATE_METHOD_MATCH = YES;
				"CODE_SIGN_IDENTITY[sdk=iphoneos*]" = "iPhone Developer";
				COPY_PHASE_STRIP = NO;
				DEBUG_INFORMATION_FORMAT = dwarf;
				ENABLE_STRICT_OBJC_MSGSEND = YES;
				ENABLE_TESTABILITY = YES;
				GCC_C_LANGUAGE_STANDARD = gnu99;
				GCC_DYNAMIC_NO_PIC = NO;
				GCC_NO_COMMON_BLOCKS = YES;
				GCC_OPTIMIZATION_LEVEL = 0;
				GCC_PREPROCESSOR_DEFINITIONS = (
					"DEBUG=1",
					"$(inherited)",
				);
				GCC_WARN_64_TO_32_BIT_CONVERSION = YES;
				GCC_WARN_ABOUT_RETURN_TYPE = YES_ERROR;
				GCC_WARN_UNDECLARED_SELECTOR = YES;
				GCC_WARN_UNINITIALIZED_AUTOS = YES_AGGRESSIVE;
				GCC_WARN_UNUSED_FUNCTION = YES;
				GCC_WARN_UNUSED_VARIABLE = YES;
				IPHONEOS_DEPLOYMENT_TARGET = 9.2;
				MTL_ENABLE_DEBUG_INFO = YES;
				ONLY_ACTIVE_ARCH = YES;
				SDKROOT = iphoneos;
				SWIFT_OPTIMIZATION_LEVEL = "-Onone";
			};
			name = Debug;
		};
		0356394F1C2371B800525300 /* Release */ = {
			isa = XCBuildConfiguration;
			buildSettings = {
				ALWAYS_SEARCH_USER_PATHS = NO;
				CLANG_CXX_LANGUAGE_STANDARD = "gnu++0x";
				CLANG_CXX_LIBRARY = "libc++";
				CLANG_ENABLE_MODULES = YES;
				CLANG_ENABLE_OBJC_ARC = YES;
				CLANG_WARN_BOOL_CONVERSION = YES;
				CLANG_WARN_CONSTANT_CONVERSION = YES;
				CLANG_WARN_DIRECT_OBJC_ISA_USAGE = YES_ERROR;
				CLANG_WARN_EMPTY_BODY = YES;
				CLANG_WARN_ENUM_CONVERSION = YES;
				CLANG_WARN_INT_CONVERSION = YES;
				CLANG_WARN_OBJC_ROOT_CLASS = YES_ERROR;
				CLANG_WARN_UNREACHABLE_CODE = YES;
				CLANG_WARN__DUPLICATE_METHOD_MATCH = YES;
				"CODE_SIGN_IDENTITY[sdk=iphoneos*]" = "iPhone Developer";
				COPY_PHASE_STRIP = NO;
				DEBUG_INFORMATION_FORMAT = "dwarf-with-dsym";
				ENABLE_NS_ASSERTIONS = NO;
				ENABLE_STRICT_OBJC_MSGSEND = YES;
				GCC_C_LANGUAGE_STANDARD = gnu99;
				GCC_NO_COMMON_BLOCKS = YES;
				GCC_WARN_64_TO_32_BIT_CONVERSION = YES;
				GCC_WARN_ABOUT_RETURN_TYPE = YES_ERROR;
				GCC_WARN_UNDECLARED_SELECTOR = YES;
				GCC_WARN_UNINITIALIZED_AUTOS = YES_AGGRESSIVE;
				GCC_WARN_UNUSED_FUNCTION = YES;
				GCC_WARN_UNUSED_VARIABLE = YES;
				IPHONEOS_DEPLOYMENT_TARGET = 9.2;
				MTL_ENABLE_DEBUG_INFO = NO;
				SDKROOT = iphoneos;
				VALIDATE_PRODUCT = YES;
			};
			name = Release;
		};
		035639511C2371B800525300 /* Debug */ = {
			isa = XCBuildConfiguration;
			buildSettings = {
				ASSETCATALOG_COMPILER_APPICON_NAME = AppIcon;
				CLANG_ENABLE_MODULES = YES;
				INFOPLIST_FILE = WeMo/Info.plist;
				LD_RUNPATH_SEARCH_PATHS = "$(inherited) @executable_path/Frameworks";
				PRODUCT_BUNDLE_IDENTIFIER = com.SachinPatel.WeMo;
				PRODUCT_NAME = "$(TARGET_NAME)";
				SWIFT_OBJC_BRIDGING_HEADER = "WeMo/WeMo-Bridging-Header.h";
				SWIFT_OPTIMIZATION_LEVEL = "-Onone";
			};
			name = Debug;
		};
		035639521C2371B800525300 /* Release */ = {
			isa = XCBuildConfiguration;
			buildSettings = {
				ASSETCATALOG_COMPILER_APPICON_NAME = AppIcon;
				CLANG_ENABLE_MODULES = YES;
				INFOPLIST_FILE = WeMo/Info.plist;
				LD_RUNPATH_SEARCH_PATHS = "$(inherited) @executable_path/Frameworks";
				PRODUCT_BUNDLE_IDENTIFIER = com.SachinPatel.WeMo;
				PRODUCT_NAME = "$(TARGET_NAME)";
				SWIFT_OBJC_BRIDGING_HEADER = "WeMo/WeMo-Bridging-Header.h";
			};
			name = Release;
		};
/* End XCBuildConfiguration section */

/* Begin XCConfigurationList section */
		035639391C2371B800525300 /* Build configuration list for PBXProject "WeMo" */ = {
			isa = XCConfigurationList;
			buildConfigurations = (
				0356394E1C2371B800525300 /* Debug */,
				0356394F1C2371B800525300 /* Release */,
			);
			defaultConfigurationIsVisible = 0;
			defaultConfigurationName = Release;
		};
		035639501C2371B800525300 /* Build configuration list for PBXNativeTarget "WeMo" */ = {
			isa = XCConfigurationList;
			buildConfigurations = (
				035639511C2371B800525300 /* Debug */,
				035639521C2371B800525300 /* Release */,
			);
			defaultConfigurationIsVisible = 0;
			defaultConfigurationName = Release;
		};
/* End XCConfigurationList section */
	};
	rootObject = 035639361C2371B800525300 /* Project object */;
}
